
Microsoft Visual Studio Solution File, Format Version 12.00
# Visual Studio Version 16
VisualStudioVersion = 16.0.29020.237
MinimumVisualStudioVersion = 10.0.40219.1
Project("{888888A0-9F3D-457C-B088-3A5042F75D52}") = "Churn_Analysis", "Churn_Analysis.pyproj", "{EFD5F5A5-D308-46E0-80D5-564402495E21}"
EndProject
Global
	GlobalSection(SolutionConfigurationPlatforms) = preSolution
		Debug|Any CPU = Debug|Any CPU
		Release|Any CPU = Release|Any CPU
	EndGlobalSection
	GlobalSection(ProjectConfigurationPlatforms) = postSolution
		{EFD5F5A5-D308-46E0-80D5-564402495E21}.Debug|Any CPU.ActiveCfg = Debug|Any CPU
		{EFD5F5A5-D308-46E0-80D5-564402495E21}.Release|Any CPU.ActiveCfg = Release|Any CPU
	EndGlobalSection
	GlobalSection(SolutionProperties) = preSolution
		HideSolutionNode = FALSE
	EndGlobalSection
	GlobalSection(ExtensibilityGlobals) = postSolution
		SolutionGuid = {1D40F779-89D7-40EE-8A26-94665D8971C8}
	EndGlobalSection
EndGlobal
